
Microsoft Visual Studio Solution File, Format Version 12.00
# Visual Studio Version 17
VisualStudioVersion = 17.2.32519.379
MinimumVisualStudioVersion = 10.0.40219.1
Project("{9A19103F-16F7-4668-BE54-9A1E7A4F7556}") = "Warehouse.API", "Warehouse.API\Warehouse.API.csproj", "{5C5BD329-4D73-4794-93BE-7D7CC3ECF3F8}"
EndProject
Project("{2150E333-8FDC-42A3-9474-1A3956D46DE8}") = "lib", "lib", "{D93C441B-2A4E-491E-8D66-9A27436A84BA}"
EndProject
Project("{2150E333-8FDC-42A3-9474-1A3956D46DE8}") = "src", "src", "{1C76B171-C55B-49F6-B269-16B8CF027FF2}"
EndProject
Project("{9A19103F-16F7-4668-BE54-9A1E7A4F7556}") = "Vayosoft.MongoDB", "lib\Vayosoft.MongoDB\Vayosoft.MongoDB.csproj", "{DD340776-3399-4E35-9544-199098A658E4}"
EndProject
Project("{9A19103F-16F7-4668-BE54-9A1E7A4F7556}") = "Vayosoft.EF.MySQL", "lib\Vayosoft.EF.MySQL\Vayosoft.EF.MySQL.csproj", "{20C6708C-51F1-4B87-B2AF-9B93243690E6}"
EndProject
Project("{9A19103F-16F7-4668-BE54-9A1E7A4F7556}") = "Vayosoft.Core", "lib\Vayosoft.Core\Vayosoft.Core.csproj", "{C7115E9F-5F26-4AFD-9175-224F10AC8FDA}"
EndProject
Project("{9A19103F-16F7-4668-BE54-9A1E7A4F7556}") = "Warehouse.Core", "Warehouse.Core\Warehouse.Core.csproj", "{5E4A111D-80E8-470F-B900-B037ACEF6B52}"
EndProject
Project("{9A19103F-16F7-4668-BE54-9A1E7A4F7556}") = "Vayosoft.AutoMapper", "lib\Vayosoft.AutoMapper\Vayosoft.AutoMapper.csproj", "{AB8D60A4-1D10-4677-8998-772BB46B78E2}"
EndProject
Project("{9A19103F-16F7-4668-BE54-9A1E7A4F7556}") = "Vayosoft.Redis", "lib\Vayosoft.Redis\Vayosoft.Redis.csproj", "{6BFEDA15-CA11-4464-9D4B-3D04F7036EB9}"
EndProject
Project("{9A19103F-16F7-4668-BE54-9A1E7A4F7556}") = "Vayosoft.Caching", "lib\Vayosoft.Caching\Vayosoft.Caching.csproj", "{4994F452-9E0E-4F6F-A71E-2B16CE0E4164}"
EndProject
Project("{9A19103F-16F7-4668-BE54-9A1E7A4F7556}") = "Vayosoft.Dapper.MySQL", "lib\Vayosoft.Dapper.MySQL\Vayosoft.Dapper.MySQL.csproj", "{7C374C51-AECF-460E-B3CD-00F9AFE31F64}"
EndProject
Project("{9A19103F-16F7-4668-BE54-9A1E7A4F7556}") = "Vayosoft.RestClient", "lib\Vayosoft.RestClient\Vayosoft.RestClient.csproj", "{BD29A8C2-9BFB-4A35-B710-DF74D7013EF9}"
EndProject
Project("{9A19103F-16F7-4668-BE54-9A1E7A4F7556}") = "Vayosoft.Http", "lib\Vayosoft.Http\Vayosoft.Http.csproj", "{8BE1EF10-DDFD-4BB8-900B-4F0B52450025}"
EndProject
Project("{9A19103F-16F7-4668-BE54-9A1E7A4F7556}") = "Vayosoft.Email", "lib\Vayosoft.Email\Vayosoft.Email.csproj", "{E94FFD0C-263E-4621-8C48-9628EE745AF7}"
EndProject
Project("{9A19103F-16F7-4668-BE54-9A1E7A4F7556}") = "Vayosoft.PushMessage", "lib\Vayosoft.PushMessage\Vayosoft.PushMessage.csproj", "{07656B60-5547-4378-B283-81F49BD1C8B1}"
EndProject
Project("{9A19103F-16F7-4668-BE54-9A1E7A4F7556}") = "Vayosoft.Streaming", "lib\Vayosoft.Streaming\Vayosoft.Streaming.csproj", "{F00C6D6E-DF95-48AE-84CA-B7727CF4A1B0}"
EndProject
Project("{9A19103F-16F7-4668-BE54-9A1E7A4F7556}") = "Vayosoft.Streaming.Redis", "lib\Vayosoft.Streaming.Redis\Vayosoft.Streaming.Redis.csproj", "{39B1B412-256B-4F80-8481-0A995C9096BD}"
EndProject
Project("{9A19103F-16F7-4668-BE54-9A1E7A4F7556}") = "Vayosoft.Threading", "lib\Vayosoft.Threading\Vayosoft.Threading.csproj", "{86F57A1C-370E-4A6E-967E-01718FF33B6D}"
EndProject
Project("{9A19103F-16F7-4668-BE54-9A1E7A4F7556}") = "Vayosoft.IPS", "lib\Vayosoft.IPS\Vayosoft.IPS.csproj", "{3907445A-378A-438B-9C70-B74120EF4F28}"
EndProject
Project("{9A19103F-16F7-4668-BE54-9A1E7A4F7556}") = "Warehouse.Host", "Warehouse.Host\Warehouse.Host.csproj", "{16977389-744D-42E4-914C-EC3DD4789371}"
EndProject
Project("{2150E333-8FDC-42A3-9474-1A3956D46DE8}") = "docker", "docker", "{BCD4A670-3183-4DAB-A553-D39CA897910F}"
	ProjectSection(SolutionItems) = preProject
		docker\.env = docker\.env
		docker\docker-compose.yml = docker\docker-compose.yml
	EndProjectSection
EndProject
Project("{9A19103F-16F7-4668-BE54-9A1E7A4F7556}") = "Warehouse.UnitTests", "tests\Warehouse.UnitTests\Warehouse.UnitTests.csproj", "{9B606ADA-1833-47E4-AF28-8A01AAE8FF7B}"
EndProject
Project("{2150E333-8FDC-42A3-9474-1A3956D46DE8}") = "Solution Items", "Solution Items", "{9E94F147-FBD4-499A-906E-434AFA6DE319}"
	ProjectSection(SolutionItems) = preProject
		initial.sql = initial.sql
	EndProjectSection
EndProject
Project("{9A19103F-16F7-4668-BE54-9A1E7A4F7556}") = "Vayosoft.Testing", "lib\Vayosoft.Testing\Vayosoft.Testing.csproj", "{B336C548-CE83-4B1C-B2E6-595C3CAC13A0}"
EndProject
Project("{9A19103F-16F7-4668-BE54-9A1E7A4F7556}") = "Warehouse.FunctionalTests", "tests\Warehouse.FunctionalTests\Warehouse.FunctionalTests.csproj", "{12662D88-6CF0-497D-AF5C-9A6D9FB2DFB2}"
EndProject
Project("{9A19103F-16F7-4668-BE54-9A1E7A4F7556}") = "Warehouse.Infrastructure", "Warehouse.Infrastructure\Warehouse.Infrastructure.csproj", "{95A9FF25-93B1-455B-A6E6-104E19A5D5BE}"
EndProject
Project("{9A19103F-16F7-4668-BE54-9A1E7A4F7556}") = "Warehouse.IntegrationTests", "tests\Warehouse.IntegrationTests\Warehouse.IntegrationTests.csproj", "{C27E9B81-EB7F-4045-9E93-73E42E795B01}"
EndProject
Project("{2150E333-8FDC-42A3-9474-1A3956D46DE8}") = "tests", "tests", "{A0789A2C-1DB3-4DA7-8770-2BD7EDD50FCC}"
EndProject
Project("{9A19103F-16F7-4668-BE54-9A1E7A4F7556}") = "Warehouse.Benchmarks", "tests\Warehouse.Benchmarks\Warehouse.Benchmarks.csproj", "{E336DA45-6828-45C5-91A8-71855CB6A509}"
EndProject
Global
	GlobalSection(SolutionConfigurationPlatforms) = preSolution
		Debug|Any CPU = Debug|Any CPU
		Release|Any CPU = Release|Any CPU
	EndGlobalSection
	GlobalSection(ProjectConfigurationPlatforms) = postSolution
		{5C5BD329-4D73-4794-93BE-7D7CC3ECF3F8}.Debug|Any CPU.ActiveCfg = Debug|Any CPU
		{5C5BD329-4D73-4794-93BE-7D7CC3ECF3F8}.Debug|Any CPU.Build.0 = Debug|Any CPU
		{5C5BD329-4D73-4794-93BE-7D7CC3ECF3F8}.Release|Any CPU.ActiveCfg = Release|Any CPU
		{5C5BD329-4D73-4794-93BE-7D7CC3ECF3F8}.Release|Any CPU.Build.0 = Release|Any CPU
		{DD340776-3399-4E35-9544-199098A658E4}.Debug|Any CPU.ActiveCfg = Debug|Any CPU
		{DD340776-3399-4E35-9544-199098A658E4}.Debug|Any CPU.Build.0 = Debug|Any CPU
		{DD340776-3399-4E35-9544-199098A658E4}.Release|Any CPU.ActiveCfg = Release|Any CPU
		{DD340776-3399-4E35-9544-199098A658E4}.Release|Any CPU.Build.0 = Release|Any CPU
		{20C6708C-51F1-4B87-B2AF-9B93243690E6}.Debug|Any CPU.ActiveCfg = Debug|Any CPU
		{20C6708C-51F1-4B87-B2AF-9B93243690E6}.Debug|Any CPU.Build.0 = Debug|Any CPU
		{20C6708C-51F1-4B87-B2AF-9B93243690E6}.Release|Any CPU.ActiveCfg = Release|Any CPU
		{20C6708C-51F1-4B87-B2AF-9B93243690E6}.Release|Any CPU.Build.0 = Release|Any CPU
		{C7115E9F-5F26-4AFD-9175-224F10AC8FDA}.Debug|Any CPU.ActiveCfg = Debug|Any CPU
		{C7115E9F-5F26-4AFD-9175-224F10AC8FDA}.Debug|Any CPU.Build.0 = Debug|Any CPU
		{C7115E9F-5F26-4AFD-9175-224F10AC8FDA}.Release|Any CPU.ActiveCfg = Release|Any CPU
		{C7115E9F-5F26-4AFD-9175-224F10AC8FDA}.Release|Any CPU.Build.0 = Release|Any CPU
		{5E4A111D-80E8-470F-B900-B037ACEF6B52}.Debug|Any CPU.ActiveCfg = Debug|Any CPU
		{5E4A111D-80E8-470F-B900-B037ACEF6B52}.Debug|Any CPU.Build.0 = Debug|Any CPU
		{5E4A111D-80E8-470F-B900-B037ACEF6B52}.Release|Any CPU.ActiveCfg = Release|Any CPU
		{5E4A111D-80E8-470F-B900-B037ACEF6B52}.Release|Any CPU.Build.0 = Release|Any CPU
		{AB8D60A4-1D10-4677-8998-772BB46B78E2}.Debug|Any CPU.ActiveCfg = Debug|Any CPU
		{AB8D60A4-1D10-4677-8998-772BB46B78E2}.Debug|Any CPU.Build.0 = Debug|Any CPU
		{AB8D60A4-1D10-4677-8998-772BB46B78E2}.Release|Any CPU.ActiveCfg = Release|Any CPU
		{AB8D60A4-1D10-4677-8998-772BB46B78E2}.Release|Any CPU.Build.0 = Release|Any CPU
		{6BFEDA15-CA11-4464-9D4B-3D04F7036EB9}.Debug|Any CPU.ActiveCfg = Debug|Any CPU
		{6BFEDA15-CA11-4464-9D4B-3D04F7036EB9}.Debug|Any CPU.Build.0 = Debug|Any CPU
		{6BFEDA15-CA11-4464-9D4B-3D04F7036EB9}.Release|Any CPU.ActiveCfg = Release|Any CPU
		{6BFEDA15-CA11-4464-9D4B-3D04F7036EB9}.Release|Any CPU.Build.0 = Release|Any CPU
		{4994F452-9E0E-4F6F-A71E-2B16CE0E4164}.Debug|Any CPU.ActiveCfg = Debug|Any CPU
		{4994F452-9E0E-4F6F-A71E-2B16CE0E4164}.Debug|Any CPU.Build.0 = Debug|Any CPU
		{4994F452-9E0E-4F6F-A71E-2B16CE0E4164}.Release|Any CPU.ActiveCfg = Release|Any CPU
		{4994F452-9E0E-4F6F-A71E-2B16CE0E4164}.Release|Any CPU.Build.0 = Release|Any CPU
		{7C374C51-AECF-460E-B3CD-00F9AFE31F64}.Debug|Any CPU.ActiveCfg = Debug|Any CPU
		{7C374C51-AECF-460E-B3CD-00F9AFE31F64}.Debug|Any CPU.Build.0 = Debug|Any CPU
		{7C374C51-AECF-460E-B3CD-00F9AFE31F64}.Release|Any CPU.ActiveCfg = Release|Any CPU
		{7C374C51-AECF-460E-B3CD-00F9AFE31F64}.Release|Any CPU.Build.0 = Release|Any CPU
		{BD29A8C2-9BFB-4A35-B710-DF74D7013EF9}.Debug|Any CPU.ActiveCfg = Debug|Any CPU
		{BD29A8C2-9BFB-4A35-B710-DF74D7013EF9}.Debug|Any CPU.Build.0 = Debug|Any CPU
		{BD29A8C2-9BFB-4A35-B710-DF74D7013EF9}.Release|Any CPU.ActiveCfg = Release|Any CPU
		{BD29A8C2-9BFB-4A35-B710-DF74D7013EF9}.Release|Any CPU.Build.0 = Release|Any CPU
		{8BE1EF10-DDFD-4BB8-900B-4F0B52450025}.Debug|Any CPU.ActiveCfg = Debug|Any CPU
		{8BE1EF10-DDFD-4BB8-900B-4F0B52450025}.Debug|Any CPU.Build.0 = Debug|Any CPU
		{8BE1EF10-DDFD-4BB8-900B-4F0B52450025}.Release|Any CPU.ActiveCfg = Release|Any CPU
		{8BE1EF10-DDFD-4BB8-900B-4F0B52450025}.Release|Any CPU.Build.0 = Release|Any CPU
		{E94FFD0C-263E-4621-8C48-9628EE745AF7}.Debug|Any CPU.ActiveCfg = Debug|Any CPU
		{E94FFD0C-263E-4621-8C48-9628EE745AF7}.Debug|Any CPU.Build.0 = Debug|Any CPU
		{E94FFD0C-263E-4621-8C48-9628EE745AF7}.Release|Any CPU.ActiveCfg = Release|Any CPU
		{E94FFD0C-263E-4621-8C48-9628EE745AF7}.Release|Any CPU.Build.0 = Release|Any CPU
		{07656B60-5547-4378-B283-81F49BD1C8B1}.Debug|Any CPU.ActiveCfg = Debug|Any CPU
		{07656B60-5547-4378-B283-81F49BD1C8B1}.Debug|Any CPU.Build.0 = Debug|Any CPU
		{07656B60-5547-4378-B283-81F49BD1C8B1}.Release|Any CPU.ActiveCfg = Release|Any CPU
		{07656B60-5547-4378-B283-81F49BD1C8B1}.Release|Any CPU.Build.0 = Release|Any CPU
		{F00C6D6E-DF95-48AE-84CA-B7727CF4A1B0}.Debug|Any CPU.ActiveCfg = Debug|Any CPU
		{F00C6D6E-DF95-48AE-84CA-B7727CF4A1B0}.Debug|Any CPU.Build.0 = Debug|Any CPU
		{F00C6D6E-DF95-48AE-84CA-B7727CF4A1B0}.Release|Any CPU.ActiveCfg = Release|Any CPU
		{F00C6D6E-DF95-48AE-84CA-B7727CF4A1B0}.Release|Any CPU.Build.0 = Release|Any CPU
		{39B1B412-256B-4F80-8481-0A995C9096BD}.Debug|Any CPU.ActiveCfg = Debug|Any CPU
		{39B1B412-256B-4F80-8481-0A995C9096BD}.Debug|Any CPU.Build.0 = Debug|Any CPU
		{39B1B412-256B-4F80-8481-0A995C9096BD}.Release|Any CPU.ActiveCfg = Release|Any CPU
		{39B1B412-256B-4F80-8481-0A995C9096BD}.Release|Any CPU.Build.0 = Release|Any CPU
		{86F57A1C-370E-4A6E-967E-01718FF33B6D}.Debug|Any CPU.ActiveCfg = Debug|Any CPU
		{86F57A1C-370E-4A6E-967E-01718FF33B6D}.Debug|Any CPU.Build.0 = Debug|Any CPU
		{86F57A1C-370E-4A6E-967E-01718FF33B6D}.Release|Any CPU.ActiveCfg = Release|Any CPU
		{86F57A1C-370E-4A6E-967E-01718FF33B6D}.Release|Any CPU.Build.0 = Release|Any CPU
		{3907445A-378A-438B-9C70-B74120EF4F28}.Debug|Any CPU.ActiveCfg = Debug|Any CPU
		{3907445A-378A-438B-9C70-B74120EF4F28}.Debug|Any CPU.Build.0 = Debug|Any CPU
		{3907445A-378A-438B-9C70-B74120EF4F28}.Release|Any CPU.ActiveCfg = Release|Any CPU
		{3907445A-378A-438B-9C70-B74120EF4F28}.Release|Any CPU.Build.0 = Release|Any CPU
		{16977389-744D-42E4-914C-EC3DD4789371}.Debug|Any CPU.ActiveCfg = Debug|Any CPU
		{16977389-744D-42E4-914C-EC3DD4789371}.Debug|Any CPU.Build.0 = Debug|Any CPU
		{16977389-744D-42E4-914C-EC3DD4789371}.Release|Any CPU.ActiveCfg = Release|Any CPU
		{16977389-744D-42E4-914C-EC3DD4789371}.Release|Any CPU.Build.0 = Release|Any CPU
		{9B606ADA-1833-47E4-AF28-8A01AAE8FF7B}.Debug|Any CPU.ActiveCfg = Debug|Any CPU
		{9B606ADA-1833-47E4-AF28-8A01AAE8FF7B}.Debug|Any CPU.Build.0 = Debug|Any CPU
		{9B606ADA-1833-47E4-AF28-8A01AAE8FF7B}.Release|Any CPU.ActiveCfg = Release|Any CPU
		{9B606ADA-1833-47E4-AF28-8A01AAE8FF7B}.Release|Any CPU.Build.0 = Release|Any CPU
		{B336C548-CE83-4B1C-B2E6-595C3CAC13A0}.Debug|Any CPU.ActiveCfg = Debug|Any CPU
		{B336C548-CE83-4B1C-B2E6-595C3CAC13A0}.Debug|Any CPU.Build.0 = Debug|Any CPU
		{B336C548-CE83-4B1C-B2E6-595C3CAC13A0}.Release|Any CPU.ActiveCfg = Release|Any CPU
		{B336C548-CE83-4B1C-B2E6-595C3CAC13A0}.Release|Any CPU.Build.0 = Release|Any CPU
		{12662D88-6CF0-497D-AF5C-9A6D9FB2DFB2}.Debug|Any CPU.ActiveCfg = Debug|Any CPU
		{12662D88-6CF0-497D-AF5C-9A6D9FB2DFB2}.Debug|Any CPU.Build.0 = Debug|Any CPU
		{12662D88-6CF0-497D-AF5C-9A6D9FB2DFB2}.Release|Any CPU.ActiveCfg = Release|Any CPU
		{12662D88-6CF0-497D-AF5C-9A6D9FB2DFB2}.Release|Any CPU.Build.0 = Release|Any CPU
		{95A9FF25-93B1-455B-A6E6-104E19A5D5BE}.Debug|Any CPU.ActiveCfg = Debug|Any CPU
		{95A9FF25-93B1-455B-A6E6-104E19A5D5BE}.Debug|Any CPU.Build.0 = Debug|Any CPU
		{95A9FF25-93B1-455B-A6E6-104E19A5D5BE}.Release|Any CPU.ActiveCfg = Release|Any CPU
		{95A9FF25-93B1-455B-A6E6-104E19A5D5BE}.Release|Any CPU.Build.0 = Release|Any CPU
		{C27E9B81-EB7F-4045-9E93-73E42E795B01}.Debug|Any CPU.ActiveCfg = Debug|Any CPU
		{C27E9B81-EB7F-4045-9E93-73E42E795B01}.Debug|Any CPU.Build.0 = Debug|Any CPU
		{C27E9B81-EB7F-4045-9E93-73E42E795B01}.Release|Any CPU.ActiveCfg = Release|Any CPU
		{C27E9B81-EB7F-4045-9E93-73E42E795B01}.Release|Any CPU.Build.0 = Release|Any CPU
		{E336DA45-6828-45C5-91A8-71855CB6A509}.Debug|Any CPU.ActiveCfg = Debug|Any CPU
		{E336DA45-6828-45C5-91A8-71855CB6A509}.Debug|Any CPU.Build.0 = Debug|Any CPU
		{E336DA45-6828-45C5-91A8-71855CB6A509}.Release|Any CPU.ActiveCfg = Release|Any CPU
		{E336DA45-6828-45C5-91A8-71855CB6A509}.Release|Any CPU.Build.0 = Release|Any CPU
	EndGlobalSection
	GlobalSection(SolutionProperties) = preSolution
		HideSolutionNode = FALSE
	EndGlobalSection
	GlobalSection(NestedProjects) = preSolution
		{5C5BD329-4D73-4794-93BE-7D7CC3ECF3F8} = {1C76B171-C55B-49F6-B269-16B8CF027FF2}
		{DD340776-3399-4E35-9544-199098A658E4} = {D93C441B-2A4E-491E-8D66-9A27436A84BA}
		{20C6708C-51F1-4B87-B2AF-9B93243690E6} = {D93C441B-2A4E-491E-8D66-9A27436A84BA}
		{C7115E9F-5F26-4AFD-9175-224F10AC8FDA} = {D93C441B-2A4E-491E-8D66-9A27436A84BA}
		{5E4A111D-80E8-470F-B900-B037ACEF6B52} = {1C76B171-C55B-49F6-B269-16B8CF027FF2}
		{AB8D60A4-1D10-4677-8998-772BB46B78E2} = {D93C441B-2A4E-491E-8D66-9A27436A84BA}
		{6BFEDA15-CA11-4464-9D4B-3D04F7036EB9} = {D93C441B-2A4E-491E-8D66-9A27436A84BA}
		{4994F452-9E0E-4F6F-A71E-2B16CE0E4164} = {D93C441B-2A4E-491E-8D66-9A27436A84BA}
		{7C374C51-AECF-460E-B3CD-00F9AFE31F64} = {D93C441B-2A4E-491E-8D66-9A27436A84BA}
		{BD29A8C2-9BFB-4A35-B710-DF74D7013EF9} = {D93C441B-2A4E-491E-8D66-9A27436A84BA}
		{8BE1EF10-DDFD-4BB8-900B-4F0B52450025} = {D93C441B-2A4E-491E-8D66-9A27436A84BA}
		{E94FFD0C-263E-4621-8C48-9628EE745AF7} = {D93C441B-2A4E-491E-8D66-9A27436A84BA}
		{07656B60-5547-4378-B283-81F49BD1C8B1} = {D93C441B-2A4E-491E-8D66-9A27436A84BA}
		{F00C6D6E-DF95-48AE-84CA-B7727CF4A1B0} = {D93C441B-2A4E-491E-8D66-9A27436A84BA}
		{39B1B412-256B-4F80-8481-0A995C9096BD} = {D93C441B-2A4E-491E-8D66-9A27436A84BA}
		{86F57A1C-370E-4A6E-967E-01718FF33B6D} = {D93C441B-2A4E-491E-8D66-9A27436A84BA}
		{3907445A-378A-438B-9C70-B74120EF4F28} = {D93C441B-2A4E-491E-8D66-9A27436A84BA}
		{16977389-744D-42E4-914C-EC3DD4789371} = {1C76B171-C55B-49F6-B269-16B8CF027FF2}
		{9B606ADA-1833-47E4-AF28-8A01AAE8FF7B} = {A0789A2C-1DB3-4DA7-8770-2BD7EDD50FCC}
		{B336C548-CE83-4B1C-B2E6-595C3CAC13A0} = {D93C441B-2A4E-491E-8D66-9A27436A84BA}
		{12662D88-6CF0-497D-AF5C-9A6D9FB2DFB2} = {A0789A2C-1DB3-4DA7-8770-2BD7EDD50FCC}
		{95A9FF25-93B1-455B-A6E6-104E19A5D5BE} = {1C76B171-C55B-49F6-B269-16B8CF027FF2}
		{C27E9B81-EB7F-4045-9E93-73E42E795B01} = {A0789A2C-1DB3-4DA7-8770-2BD7EDD50FCC}
		{E336DA45-6828-45C5-91A8-71855CB6A509} = {A0789A2C-1DB3-4DA7-8770-2BD7EDD50FCC}
	EndGlobalSection
	GlobalSection(ExtensibilityGlobals) = postSolution
		SolutionGuid = {428A41C0-7C0D-4D74-908D-EE1CF6554A29}
	EndGlobalSection
EndGlobal
